
Microsoft Visual Studio Solution File, Format Version 12.00
# Visual Studio Version 17
VisualStudioVersion = 17.7.34202.233
MinimumVisualStudioVersion = 10.0.40219.1
Project("{FAE04EC0-301F-11D3-BF4B-00C04F79EFBC}") = "Cret_Alin_Lab1", "Cret_Alin_Lab1\Cret_Alin_Lab1.csproj", "{D147D68A-C752-421D-B2ED-C8DA34BCDD20}"
EndProject
Global
	GlobalSection(SolutionConfigurationPlatforms) = preSolution
		Debug|Any CPU = Debug|Any CPU
		Release|Any CPU = Release|Any CPU
	EndGlobalSection
	GlobalSection(ProjectConfigurationPlatforms) = postSolution
		{D147D68A-C752-421D-B2ED-C8DA34BCDD20}.Debug|Any CPU.ActiveCfg = Debug|Any CPU
		{D147D68A-C752-421D-B2ED-C8DA34BCDD20}.Debug|Any CPU.Build.0 = Debug|Any CPU
		{D147D68A-C752-421D-B2ED-C8DA34BCDD20}.Release|Any CPU.ActiveCfg = Release|Any CPU
		{D147D68A-C752-421D-B2ED-C8DA34BCDD20}.Release|Any CPU.Build.0 = Release|Any CPU
	EndGlobalSection
	GlobalSection(SolutionProperties) = preSolution
		HideSolutionNode = FALSE
	EndGlobalSection
	GlobalSection(ExtensibilityGlobals) = postSolution
		SolutionGuid = {34F5CA39-1F63-407C-BE8C-1644D6060D88}
	EndGlobalSection
EndGlobal
